
Microsoft Visual Studio Solution File, Format Version 12.00
# Visual Studio Version 16
VisualStudioVersion = 16.0.30114.105
MinimumVisualStudioVersion = 10.0.40219.1
Project("{FAE04EC0-301F-11D3-BF4B-00C04F79EFBC}") = "VIEW", "VIEW\VIEW.csproj", "{EC975E14-0A9A-4918-8DC6-5F18778FB8D1}"
EndProject
Project("{FAE04EC0-301F-11D3-BF4B-00C04F79EFBC}") = "MODEL", "MODEL\MODEL.csproj", "{0E3AA78B-56E3-42FC-AAE4-68AE02EE5DC1}"
EndProject
Project("{FAE04EC0-301F-11D3-BF4B-00C04F79EFBC}") = "CONTROLLER", "CONTROLLER\CONTROLLER.csproj", "{E2EBA8AB-A4CA-4C85-994D-9D54DEB4CAAB}"
EndProject
Project("{FAE04EC0-301F-11D3-BF4B-00C04F79EFBC}") = "Prueba", "Prueba\Prueba.csproj", "{E9679559-49F7-40ED-A872-99BB6A4841BE}"
EndProject
Global
	GlobalSection(SolutionConfigurationPlatforms) = preSolution
		Debug|Any CPU = Debug|Any CPU
		Release|Any CPU = Release|Any CPU
	EndGlobalSection
	GlobalSection(ProjectConfigurationPlatforms) = postSolution
		{EC975E14-0A9A-4918-8DC6-5F18778FB8D1}.Debug|Any CPU.ActiveCfg = Debug|Any CPU
		{EC975E14-0A9A-4918-8DC6-5F18778FB8D1}.Debug|Any CPU.Build.0 = Debug|Any CPU
		{EC975E14-0A9A-4918-8DC6-5F18778FB8D1}.Release|Any CPU.ActiveCfg = Release|Any CPU
		{EC975E14-0A9A-4918-8DC6-5F18778FB8D1}.Release|Any CPU.Build.0 = Release|Any CPU
		{0E3AA78B-56E3-42FC-AAE4-68AE02EE5DC1}.Debug|Any CPU.ActiveCfg = Debug|Any CPU
		{0E3AA78B-56E3-42FC-AAE4-68AE02EE5DC1}.Debug|Any CPU.Build.0 = Debug|Any CPU
		{0E3AA78B-56E3-42FC-AAE4-68AE02EE5DC1}.Release|Any CPU.ActiveCfg = Release|Any CPU
		{0E3AA78B-56E3-42FC-AAE4-68AE02EE5DC1}.Release|Any CPU.Build.0 = Release|Any CPU
		{E2EBA8AB-A4CA-4C85-994D-9D54DEB4CAAB}.Debug|Any CPU.ActiveCfg = Debug|Any CPU
		{E2EBA8AB-A4CA-4C85-994D-9D54DEB4CAAB}.Debug|Any CPU.Build.0 = Debug|Any CPU
		{E2EBA8AB-A4CA-4C85-994D-9D54DEB4CAAB}.Release|Any CPU.ActiveCfg = Release|Any CPU
		{E2EBA8AB-A4CA-4C85-994D-9D54DEB4CAAB}.Release|Any CPU.Build.0 = Release|Any CPU
		{E9679559-49F7-40ED-A872-99BB6A4841BE}.Debug|Any CPU.ActiveCfg = Debug|Any CPU
		{E9679559-49F7-40ED-A872-99BB6A4841BE}.Debug|Any CPU.Build.0 = Debug|Any CPU
		{E9679559-49F7-40ED-A872-99BB6A4841BE}.Release|Any CPU.ActiveCfg = Release|Any CPU
		{E9679559-49F7-40ED-A872-99BB6A4841BE}.Release|Any CPU.Build.0 = Release|Any CPU
	EndGlobalSection
	GlobalSection(SolutionProperties) = preSolution
		HideSolutionNode = FALSE
	EndGlobalSection
	GlobalSection(ExtensibilityGlobals) = postSolution
		SolutionGuid = {3D73D3D4-E7D5-4C56-9300-5A2A6B27DEF1}
	EndGlobalSection
EndGlobal
